// !$*UTF8*$!
{
	archiveVersion = 1;
	classes = {
	};
	objectVersion = 56;
	objects = {

/* Begin PBXBuildFile section */
		2221004028DF48A800B87353 /* AppDelegate.swift in Sources */ = {isa = PBXBuildFile; fileRef = 2221003F28DF48A800B87353 /* AppDelegate.swift */; };
		2221004228DF48A800B87353 /* SceneDelegate.swift in Sources */ = {isa = PBXBuildFile; fileRef = 2221004128DF48A800B87353 /* SceneDelegate.swift */; };
		2221004428DF48A800B87353 /* ViewController.swift in Sources */ = {isa = PBXBuildFile; fileRef = 2221004328DF48A800B87353 /* ViewController.swift */; };
		2221004728DF48A800B87353 /* Main.storyboard in Resources */ = {isa = PBXBuildFile; fileRef = 2221004528DF48A800B87353 /* Main.storyboard */; };
		2221004928DF48A900B87353 /* Assets.xcassets in Resources */ = {isa = PBXBuildFile; fileRef = 2221004828DF48A900B87353 /* Assets.xcassets */; };
		2221004C28DF48A900B87353 /* LaunchScreen.storyboard in Resources */ = {isa = PBXBuildFile; fileRef = 2221004A28DF48A900B87353 /* LaunchScreen.storyboard */; };
		2221005728DF48AA00B87353 /* httpRequestTests.swift in Sources */ = {isa = PBXBuildFile; fileRef = 2221005628DF48AA00B87353 /* httpRequestTests.swift */; };
		2221006128DF48AA00B87353 /* httpRequestUITests.swift in Sources */ = {isa = PBXBuildFile; fileRef = 2221006028DF48AA00B87353 /* httpRequestUITests.swift */; };
		2221006328DF48AA00B87353 /* httpRequestUITestsLaunchTests.swift in Sources */ = {isa = PBXBuildFile; fileRef = 2221006228DF48AA00B87353 /* httpRequestUITestsLaunchTests.swift */; };
/* End PBXBuildFile section */

/* Begin PBXContainerItemProxy section */
		2221005328DF48AA00B87353 /* PBXContainerItemProxy */ = {
			isa = PBXContainerItemProxy;
			containerPortal = 2221003428DF48A800B87353 /* Project object */;
			proxyType = 1;
			remoteGlobalIDString = 2221003B28DF48A800B87353;
			remoteInfo = httpRequest;
		};
		2221005D28DF48AA00B87353 /* PBXContainerItemProxy */ = {
			isa = PBXContainerItemProxy;
			containerPortal = 2221003428DF48A800B87353 /* Project object */;
			proxyType = 1;
			remoteGlobalIDString = 2221003B28DF48A800B87353;
			remoteInfo = httpRequest;
		};
/* End PBXContainerItemProxy section */

/* Begin PBXFileReference section */
		2221003C28DF48A800B87353 /* httpRequest.app */ = {isa = PBXFileReference; explicitFileType = wrapper.application; includeInIndex = 0; path = httpRequest.app; sourceTree = BUILT_PRODUCTS_DIR; };
		2221003F28DF48A800B87353 /* AppDelegate.swift */ = {isa = PBXFileReference; lastKnownFileType = sourcecode.swift; path = AppDelegate.swift; sourceTree = "<group>"; };
		2221004128DF48A800B87353 /* SceneDelegate.swift */ = {isa = PBXFileReference; lastKnownFileType = sourcecode.swift; path = SceneDelegate.swift; sourceTree = "<group>"; };
		2221004328DF48A800B87353 /* ViewController.swift */ = {isa = PBXFileReference; lastKnownFileType = sourcecode.swift; path = ViewController.swift; sourceTree = "<group>"; };
		2221004628DF48A800B87353 /* Base */ = {isa = PBXFileReference; lastKnownFileType = file.storyboard; name = Base; path = Base.lproj/Main.storyboard; sourceTree = "<group>"; };
		2221004828DF48A900B87353 /* Assets.xcassets */ = {isa = PBXFileReference; lastKnownFileType = folder.assetcatalog; path = Assets.xcassets; sourceTree = "<group>"; };
		2221004B28DF48A900B87353 /* Base */ = {isa = PBXFileReference; lastKnownFileType = file.storyboard; name = Base; path = Base.lproj/LaunchScreen.storyboard; sourceTree = "<group>"; };
		2221004D28DF48A900B87353 /* Info.plist */ = {isa = PBXFileReference; lastKnownFileType = text.plist.xml; path = Info.plist; sourceTree = "<group>"; };
		2221005228DF48AA00B87353 /* httpRequestTests.xctest */ = {isa = PBXFileReference; explicitFileType = wrapper.cfbundle; includeInIndex = 0; path = httpRequestTests.xctest; sourceTree = BUILT_PRODUCTS_DIR; };
		2221005628DF48AA00B87353 /* httpRequestTests.swift */ = {isa = PBXFileReference; lastKnownFileType = sourcecode.swift; path = httpRequestTests.swift; sourceTree = "<group>"; };
		2221005C28DF48AA00B87353 /* httpRequestUITests.xctest */ = {isa = PBXFileReference; explicitFileType = wrapper.cfbundle; includeInIndex = 0; path = httpRequestUITests.xctest; sourceTree = BUILT_PRODUCTS_DIR; };
		2221006028DF48AA00B87353 /* httpRequestUITests.swift */ = {isa = PBXFileReference; lastKnownFileType = sourcecode.swift; path = httpRequestUITests.swift; sourceTree = "<group>"; };
		2221006228DF48AA00B87353 /* httpRequestUITestsLaunchTests.swift */ = {isa = PBXFileReference; lastKnownFileType = sourcecode.swift; path = httpRequestUITestsLaunchTests.swift; sourceTree = "<group>"; };
/* End PBXFileReference section */

/* Begin PBXFrameworksBuildPhase section */
		2221003928DF48A800B87353 /* Frameworks */ = {
			isa = PBXFrameworksBuildPhase;
			buildActionMask = 2147483647;
			files = (
			);
			runOnlyForDeploymentPostprocessing = 0;
		};
		2221004F28DF48AA00B87353 /* Frameworks */ = {
			isa = PBXFrameworksBuildPhase;
			buildActionMask = 2147483647;
			files = (
			);
			runOnlyForDeploymentPostprocessing = 0;
		};
		2221005928DF48AA00B87353 /* Frameworks */ = {
			isa = PBXFrameworksBuildPhase;
			buildActionMask = 2147483647;
			files = (
			);
			runOnlyForDeploymentPostprocessing = 0;
		};
/* End PBXFrameworksBuildPhase section */

/* Begin PBXGroup section */
		2221003328DF48A800B87353 = {
			isa = PBXGroup;
			children = (
				2221003E28DF48A800B87353 /* httpRequest */,
				2221005528DF48AA00B87353 /* httpRequestTests */,
				2221005F28DF48AA00B87353 /* httpRequestUITests */,
				2221003D28DF48A800B87353 /* Products */,
			);
			sourceTree = "<group>";
		};
		2221003D28DF48A800B87353 /* Products */ = {
			isa = PBXGroup;
			children = (
				2221003C28DF48A800B87353 /* httpRequest.app */,
				2221005228DF48AA00B87353 /* httpRequestTests.xctest */,
				2221005C28DF48AA00B87353 /* httpRequestUITests.xctest */,
			);
			name = Products;
			sourceTree = "<group>";
		};
		2221003E28DF48A800B87353 /* httpRequest */ = {
			isa = PBXGroup;
			children = (
				2221003F28DF48A800B87353 /* AppDelegate.swift */,
				2221004128DF48A800B87353 /* SceneDelegate.swift */,
				2221004328DF48A800B87353 /* ViewController.swift */,
				2221004528DF48A800B87353 /* Main.storyboard */,
				2221004828DF48A900B87353 /* Assets.xcassets */,
				2221004A28DF48A900B87353 /* LaunchScreen.storyboard */,
				2221004D28DF48A900B87353 /* Info.plist */,
			);
			path = httpRequest;
			sourceTree = "<group>";
		};
		2221005528DF48AA00B87353 /* httpRequestTests */ = {
			isa = PBXGroup;
			children = (
				2221005628DF48AA00B87353 /* httpRequestTests.swift */,
			);
			path = httpRequestTests;
			sourceTree = "<group>";
		};
		2221005F28DF48AA00B87353 /* httpRequestUITests */ = {
			isa = PBXGroup;
			children = (
				2221006028DF48AA00B87353 /* httpRequestUITests.swift */,
				2221006228DF48AA00B87353 /* httpRequestUITestsLaunchTests.swift */,
			);
			path = httpRequestUITests;
			sourceTree = "<group>";
		};
/* End PBXGroup section */

/* Begin PBXNativeTarget section */
		2221003B28DF48A800B87353 /* httpRequest */ = {
			isa = PBXNativeTarget;
			buildConfigurationList = 2221006628DF48AA00B87353 /* Build configuration list for PBXNativeTarget "httpRequest" */;
			buildPhases = (
				2221003828DF48A800B87353 /* Sources */,
				2221003928DF48A800B87353 /* Frameworks */,
				2221003A28DF48A800B87353 /* Resources */,
			);
			buildRules = (
			);
			dependencies = (
			);
			name = httpRequest;
			productName = httpRequest;
			productReference = 2221003C28DF48A800B87353 /* httpRequest.app */;
			productType = "com.apple.product-type.application";
		};
		2221005128DF48AA00B87353 /* httpRequestTests */ = {
			isa = PBXNativeTarget;
			buildConfigurationList = 2221006928DF48AA00B87353 /* Build configuration list for PBXNativeTarget "httpRequestTests" */;
			buildPhases = (
				2221004E28DF48AA00B87353 /* Sources */,
				2221004F28DF48AA00B87353 /* Frameworks */,
				2221005028DF48AA00B87353 /* Resources */,
			);
			buildRules = (
			);
			dependencies = (
				2221005428DF48AA00B87353 /* PBXTargetDependency */,
			);
			name = httpRequestTests;
			productName = httpRequestTests;
			productReference = 2221005228DF48AA00B87353 /* httpRequestTests.xctest */;
			productType = "com.apple.product-type.bundle.unit-test";
		};
		2221005B28DF48AA00B87353 /* httpRequestUITests */ = {
			isa = PBXNativeTarget;
			buildConfigurationList = 2221006C28DF48AA00B87353 /* Build configuration list for PBXNativeTarget "httpRequestUITests" */;
			buildPhases = (
				2221005828DF48AA00B87353 /* Sources */,
				2221005928DF48AA00B87353 /* Frameworks */,
				2221005A28DF48AA00B87353 /* Resources */,
			);
			buildRules = (
			);
			dependencies = (
				2221005E28DF48AA00B87353 /* PBXTargetDependency */,
			);
			name = httpRequestUITests;
			productName = httpRequestUITests;
			productReference = 2221005C28DF48AA00B87353 /* httpRequestUITests.xctest */;
			productType = "com.apple.product-type.bundle.ui-testing";
		};
/* End PBXNativeTarget section */

/* Begin PBXProject section */
		2221003428DF48A800B87353 /* Project object */ = {
			isa = PBXProject;
			attributes = {
				BuildIndependentTargetsInParallel = 1;
				LastSwiftUpdateCheck = 1400;
				LastUpgradeCheck = 1400;
				TargetAttributes = {
					2221003B28DF48A800B87353 = {
						CreatedOnToolsVersion = 14.0;
					};
					2221005128DF48AA00B87353 = {
						CreatedOnToolsVersion = 14.0;
						TestTargetID = 2221003B28DF48A800B87353;
					};
					2221005B28DF48AA00B87353 = {
						CreatedOnToolsVersion = 14.0;
						TestTargetID = 2221003B28DF48A800B87353;
					};
				};
			};
			buildConfigurationList = 2221003728DF48A800B87353 /* Build configuration list for PBXProject "httpRequest" */;
			compatibilityVersion = "Xcode 14.0";
			developmentRegion = en;
			hasScannedForEncodings = 0;
			knownRegions = (
				en,
				Base,
			);
			mainGroup = 2221003328DF48A800B87353;
			productRefGroup = 2221003D28DF48A800B87353 /* Products */;
			projectDirPath = "";
			projectRoot = "";
			targets = (
				2221003B28DF48A800B87353 /* httpRequest */,
				2221005128DF48AA00B87353 /* httpRequestTests */,
				2221005B28DF48AA00B87353 /* httpRequestUITests */,
			);
		};
/* End PBXProject section */

/* Begin PBXResourcesBuildPhase section */
		2221003A28DF48A800B87353 /* Resources */ = {
			isa = PBXResourcesBuildPhase;
			buildActionMask = 2147483647;
			files = (
				2221004C28DF48A900B87353 /* LaunchScreen.storyboard in Resources */,
				2221004928DF48A900B87353 /* Assets.xcassets in Resources */,
				2221004728DF48A800B87353 /* Main.storyboard in Resources */,
			);
			runOnlyForDeploymentPostprocessing = 0;
		};
		2221005028DF48AA00B87353 /* Resources */ = {
			isa = PBXResourcesBuildPhase;
			buildActionMask = 2147483647;
			files = (
			);
			runOnlyForDeploymentPostprocessing = 0;
		};
		2221005A28DF48AA00B87353 /* Resources */ = {
			isa = PBXResourcesBuildPhase;
			buildActionMask = 2147483647;
			files = (
			);
			runOnlyForDeploymentPostprocessing = 0;
		};
/* End PBXResourcesBuildPhase section */

/* Begin PBXSourcesBuildPhase section */
		2221003828DF48A800B87353 /* Sources */ = {
			isa = PBXSourcesBuildPhase;
			buildActionMask = 2147483647;
			files = (
				2221004428DF48A800B87353 /* ViewController.swift in Sources */,
				2221004028DF48A800B87353 /* AppDelegate.swift in Sources */,
				2221004228DF48A800B87353 /* SceneDelegate.swift in Sources */,
			);
			runOnlyForDeploymentPostprocessing = 0;
		};
		2221004E28DF48AA00B87353 /* Sources */ = {
			isa = PBXSourcesBuildPhase;
			buildActionMask = 2147483647;
			files = (
				2221005728DF48AA00B87353 /* httpRequestTests.swift in Sources */,
			);
			runOnlyForDeploymentPostprocessing = 0;
		};
		2221005828DF48AA00B87353 /* Sources */ = {
			isa = PBXSourcesBuildPhase;
			buildActionMask = 2147483647;
			files = (
				2221006328DF48AA00B87353 /* httpRequestUITestsLaunchTests.swift in Sources */,
				2221006128DF48AA00B87353 /* httpRequestUITests.swift in Sources */,
			);
			runOnlyForDeploymentPostprocessing = 0;
		};
/* End PBXSourcesBuildPhase section */

/* Begin PBXTargetDependency section */
		2221005428DF48AA00B87353 /* PBXTargetDependency */ = {
			isa = PBXTargetDependency;
			target = 2221003B28DF48A800B87353 /* httpRequest */;
			targetProxy = 2221005328DF48AA00B87353 /* PBXContainerItemProxy */;
		};
		2221005E28DF48AA00B87353 /* PBXTargetDependency */ = {
			isa = PBXTargetDependency;
			target = 2221003B28DF48A800B87353 /* httpRequest */;
			targetProxy = 2221005D28DF48AA00B87353 /* PBXContainerItemProxy */;
		};
/* End PBXTargetDependency section */

/* Begin PBXVariantGroup section */
		2221004528DF48A800B87353 /* Main.storyboard */ = {
			isa = PBXVariantGroup;
			children = (
				2221004628DF48A800B87353 /* Base */,
			);
			name = Main.storyboard;
			sourceTree = "<group>";
		};
		2221004A28DF48A900B87353 /* LaunchScreen.storyboard */ = {
			isa = PBXVariantGroup;
			children = (
				2221004B28DF48A900B87353 /* Base */,
			);
			name = LaunchScreen.storyboard;
			sourceTree = "<group>";
		};
/* End PBXVariantGroup section */

/* Begin XCBuildConfiguration section */
		2221006428DF48AA00B87353 /* Debug */ = {
			isa = XCBuildConfiguration;
			buildSettings = {
				ALWAYS_SEARCH_USER_PATHS = NO;
				CLANG_ANALYZER_NONNULL = YES;
				CLANG_ANALYZER_NUMBER_OBJECT_CONVERSION = YES_AGGRESSIVE;
				CLANG_CXX_LANGUAGE_STANDARD = "gnu++20";
				CLANG_ENABLE_MODULES = YES;
				CLANG_ENABLE_OBJC_ARC = YES;
				CLANG_ENABLE_OBJC_WEAK = YES;
				CLANG_WARN_BLOCK_CAPTURE_AUTORELEASING = YES;
				CLANG_WARN_BOOL_CONVERSION = YES;
				CLANG_WARN_COMMA = YES;
				CLANG_WARN_CONSTANT_CONVERSION = YES;
				CLANG_WARN_DEPRECATED_OBJC_IMPLEMENTATIONS = YES;
				CLANG_WARN_DIRECT_OBJC_ISA_USAGE = YES_ERROR;
				CLANG_WARN_DOCUMENTATION_COMMENTS = YES;
				CLANG_WARN_EMPTY_BODY = YES;
				CLANG_WARN_ENUM_CONVERSION = YES;
				CLANG_WARN_INFINITE_RECURSION = YES;
				CLANG_WARN_INT_CONVERSION = YES;
				CLANG_WARN_NON_LITERAL_NULL_CONVERSION = YES;
				CLANG_WARN_OBJC_IMPLICIT_RETAIN_SELF = YES;
				CLANG_WARN_OBJC_LITERAL_CONVERSION = YES;
				CLANG_WARN_OBJC_ROOT_CLASS = YES_ERROR;
				CLANG_WARN_QUOTED_INCLUDE_IN_FRAMEWORK_HEADER = YES;
				CLANG_WARN_RANGE_LOOP_ANALYSIS = YES;
				CLANG_WARN_STRICT_PROTOTYPES = YES;
				CLANG_WARN_SUSPICIOUS_MOVE = YES;
				CLANG_WARN_UNGUARDED_AVAILABILITY = YES_AGGRESSIVE;
				CLANG_WARN_UNREACHABLE_CODE = YES;
				CLANG_WARN__DUPLICATE_METHOD_MATCH = YES;
				COPY_PHASE_STRIP = NO;
				DEBUG_INFORMATION_FORMAT = dwarf;
				ENABLE_STRICT_OBJC_MSGSEND = YES;
				ENABLE_TESTABILITY = YES;
				GCC_C_LANGUAGE_STANDARD = gnu11;
				GCC_DYNAMIC_NO_PIC = NO;
				GCC_NO_COMMON_BLOCKS = YES;
				GCC_OPTIMIZATION_LEVEL = 0;
				GCC_PREPROCESSOR_DEFINITIONS = (
					"DEBUG=1",
					"$(inherited)",
				);
				GCC_WARN_64_TO_32_BIT_CONVERSION = YES;
				GCC_WARN_ABOUT_RETURN_TYPE = YES_ERROR;
				GCC_WARN_UNDECLARED_SELECTOR = YES;
				GCC_WARN_UNINITIALIZED_AUTOS = YES_AGGRESSIVE;
				GCC_WARN_UNUSED_FUNCTION = YES;
				GCC_WARN_UNUSED_VARIABLE = YES;
				IPHONEOS_DEPLOYMENT_TARGET = 16.0;
				MTL_ENABLE_DEBUG_INFO = INCLUDE_SOURCE;
				MTL_FAST_MATH = YES;
				ONLY_ACTIVE_ARCH = YES;
				SDKROOT = iphoneos;
				SWIFT_ACTIVE_COMPILATION_CONDITIONS = DEBUG;
				SWIFT_OPTIMIZATION_LEVEL = "-Onone";
			};
			name = Debug;
		};
		2221006528DF48AA00B87353 /* Release */ = {
			isa = XCBuildConfiguration;
			buildSettings = {
				ALWAYS_SEARCH_USER_PATHS = NO;
				CLANG_ANALYZER_NONNULL = YES;
				CLANG_ANALYZER_NUMBER_OBJECT_CONVERSION = YES_AGGRESSIVE;
				CLANG_CXX_LANGUAGE_STANDARD = "gnu++20";
				CLANG_ENABLE_MODULES = YES;
				CLANG_ENABLE_OBJC_ARC = YES;
				CLANG_ENABLE_OBJC_WEAK = YES;
				CLANG_WARN_BLOCK_CAPTURE_AUTORELEASING = YES;
				CLANG_WARN_BOOL_CONVERSION = YES;
				CLANG_WARN_COMMA = YES;
				CLANG_WARN_CONSTANT_CONVERSION = YES;
				CLANG_WARN_DEPRECATED_OBJC_IMPLEMENTATIONS = YES;
				CLANG_WARN_DIRECT_OBJC_ISA_USAGE = YES_ERROR;
				CLANG_WARN_DOCUMENTATION_COMMENTS = YES;
				CLANG_WARN_EMPTY_BODY = YES;
				CLANG_WARN_ENUM_CONVERSION = YES;
				CLANG_WARN_INFINITE_RECURSION = YES;
				CLANG_WARN_INT_CONVERSION = YES;
				CLANG_WARN_NON_LITERAL_NULL_CONVERSION = YES;
				CLANG_WARN_OBJC_IMPLICIT_RETAIN_SELF = YES;
				CLANG_WARN_OBJC_LITERAL_CONVERSION = YES;
				CLANG_WARN_OBJC_ROOT_CLASS = YES_ERROR;
				CLANG_WARN_QUOTED_INCLUDE_IN_FRAMEWORK_HEADER = YES;
				CLANG_WARN_RANGE_LOOP_ANALYSIS = YES;
				CLANG_WARN_STRICT_PROTOTYPES = YES;
				CLANG_WARN_SUSPICIOUS_MOVE = YES;
				CLANG_WARN_UNGUARDED_AVAILABILITY = YES_AGGRESSIVE;
				CLANG_WARN_UNREACHABLE_CODE = YES;
				CLANG_WARN__DUPLICATE_METHOD_MATCH = YES;
				COPY_PHASE_STRIP = NO;
				DEBUG_INFORMATION_FORMAT = "dwarf-with-dsym";
				ENABLE_NS_ASSERTIONS = NO;
				ENABLE_STRICT_OBJC_MSGSEND = YES;
				GCC_C_LANGUAGE_STANDARD = gnu11;
				GCC_NO_COMMON_BLOCKS = YES;
				GCC_WARN_64_TO_32_BIT_CONVERSION = YES;
				GCC_WARN_ABOUT_RETURN_TYPE = YES_ERROR;
				GCC_WARN_UNDECLARED_SELECTOR = YES;
				GCC_WARN_UNINITIALIZED_AUTOS = YES_AGGRESSIVE;
				GCC_WARN_UNUSED_FUNCTION = YES;
				GCC_WARN_UNUSED_VARIABLE = YES;
				IPHONEOS_DEPLOYMENT_TARGET = 16.0;
				MTL_ENABLE_DEBUG_INFO = NO;
				MTL_FAST_MATH = YES;
				SDKROOT = iphoneos;
				SWIFT_COMPILATION_MODE = wholemodule;
				SWIFT_OPTIMIZATION_LEVEL = "-O";
				VALIDATE_PRODUCT = YES;
			};
			name = Release;
		};
		2221006728DF48AA00B87353 /* Debug */ = {
			isa = XCBuildConfiguration;
			buildSettings = {
				ASSETCATALOG_COMPILER_APPICON_NAME = AppIcon;
				ASSETCATALOG_COMPILER_GLOBAL_ACCENT_COLOR_NAME = AccentColor;
				CODE_SIGN_STYLE = Automatic;
				CURRENT_PROJECT_VERSION = 1;
				DEVELOPMENT_TEAM = 647MFA6TDC;
				GENERATE_INFOPLIST_FILE = YES;
				INFOPLIST_FILE = httpRequest/Info.plist;
				INFOPLIST_KEY_UIApplicationSupportsIndirectInputEvents = YES;
				INFOPLIST_KEY_UILaunchStoryboardName = LaunchScreen;
				INFOPLIST_KEY_UIMainStoryboardFile = Main;
				INFOPLIST_KEY_UISupportedInterfaceOrientations_iPad = "UIInterfaceOrientationPortrait UIInterfaceOrientationPortraitUpsideDown UIInterfaceOrientationLandscapeLeft UIInterfaceOrientationLandscapeRight";
				INFOPLIST_KEY_UISupportedInterfaceOrientations_iPhone = "UIInterfaceOrientationPortrait UIInterfaceOrientationLandscapeLeft UIInterfaceOrientationLandscapeRight";
				LD_RUNPATH_SEARCH_PATHS = (
					"$(inherited)",
					"@executable_path/Frameworks",
				);
				MARKETING_VERSION = 1.0;
				PRODUCT_BUNDLE_IDENTIFIER = "Sevio-Correa.httpRequest";
				PRODUCT_NAME = "$(TARGET_NAME)";
				SWIFT_EMIT_LOC_STRINGS = YES;
				SWIFT_VERSION = 5.0;
				TARGETED_DEVICE_FAMILY = "1,2";
			};
			name = Debug;
		};
		2221006828DF48AA00B87353 /* Release */ = {
			isa = XCBuildConfiguration;
			buildSettings = {
				ASSETCATALOG_COMPILER_APPICON_NAME = AppIcon;
				ASSETCATALOG_COMPILER_GLOBAL_ACCENT_COLOR_NAME = AccentColor;
				CODE_SIGN_STYLE = Automatic;
				CURRENT_PROJECT_VERSION = 1;
				DEVELOPMENT_TEAM = 647MFA6TDC;
				GENERATE_INFOPLIST_FILE = YES;
				INFOPLIST_FILE = httpRequest/Info.plist;
				INFOPLIST_KEY_UIApplicationSupportsIndirectInputEvents = YES;
				INFOPLIST_KEY_UILaunchStoryboardName = LaunchScreen;
				INFOPLIST_KEY_UIMainStoryboardFile = Main;
				INFOPLIST_KEY_UISupportedInterfaceOrientations_iPad = "UIInterfaceOrientationPortrait UIInterfaceOrientationPortraitUpsideDown UIInterfaceOrientationLandscapeLeft UIInterfaceOrientationLandscapeRight";
				INFOPLIST_KEY_UISupportedInterfaceOrientations_iPhone = "UIInterfaceOrientationPortrait UIInterfaceOrientationLandscapeLeft UIInterfaceOrientationLandscapeRight";
				LD_RUNPATH_SEARCH_PATHS = (
					"$(inherited)",
					"@executable_path/Frameworks",
				);
				MARKETING_VERSION = 1.0;
				PRODUCT_BUNDLE_IDENTIFIER = "Sevio-Correa.httpRequest";
				PRODUCT_NAME = "$(TARGET_NAME)";
				SWIFT_EMIT_LOC_STRINGS = YES;
				SWIFT_VERSION = 5.0;
				TARGETED_DEVICE_FAMILY = "1,2";
			};
			name = Release;
		};
		2221006A28DF48AA00B87353 /* Debug */ = {
			isa = XCBuildConfiguration;
			buildSettings = {
				ALWAYS_EMBED_SWIFT_STANDARD_LIBRARIES = YES;
				BUNDLE_LOADER = "$(TEST_HOST)";
				CODE_SIGN_STYLE = Automatic;
				CURRENT_PROJECT_VERSION = 1;
				DEVELOPMENT_TEAM = 647MFA6TDC;
				GENERATE_INFOPLIST_FILE = YES;
				IPHONEOS_DEPLOYMENT_TARGET = 16.0;
				MARKETING_VERSION = 1.0;
				PRODUCT_BUNDLE_IDENTIFIER = "Sevio-Correa.httpRequestTests";
				PRODUCT_NAME = "$(TARGET_NAME)";
				SWIFT_EMIT_LOC_STRINGS = NO;
				SWIFT_VERSION = 5.0;
				TARGETED_DEVICE_FAMILY = "1,2";
				TEST_HOST = "$(BUILT_PRODUCTS_DIR)/httpRequest.app/$(BUNDLE_EXECUTABLE_FOLDER_PATH)/httpRequest";
			};
			name = Debug;
		};
		2221006B28DF48AA00B87353 /* Release */ = {
			isa = XCBuildConfiguration;
			buildSettings = {
				ALWAYS_EMBED_SWIFT_STANDARD_LIBRARIES = YES;
				BUNDLE_LOADER = "$(TEST_HOST)";
				CODE_SIGN_STYLE = Automatic;
				CURRENT_PROJECT_VERSION = 1;
				DEVELOPMENT_TEAM = 647MFA6TDC;
				GENERATE_INFOPLIST_FILE = YES;
				IPHONEOS_DEPLOYMENT_TARGET = 16.0;
				MARKETING_VERSION = 1.0;
				PRODUCT_BUNDLE_IDENTIFIER = "Sevio-Correa.httpRequestTests";
				PRODUCT_NAME = "$(TARGET_NAME)";
				SWIFT_EMIT_LOC_STRINGS = NO;
				SWIFT_VERSION = 5.0;
				TARGETED_DEVICE_FAMILY = "1,2";
				TEST_HOST = "$(BUILT_PRODUCTS_DIR)/httpRequest.app/$(BUNDLE_EXECUTABLE_FOLDER_PATH)/httpRequest";
			};
			name = Release;
		};
		2221006D28DF48AA00B87353 /* Debug */ = {
			isa = XCBuildConfiguration;
			buildSettings = {
				ALWAYS_EMBED_SWIFT_STANDARD_LIBRARIES = YES;
				CODE_SIGN_STYLE = Automatic;
				CURRENT_PROJECT_VERSION = 1;
				DEVELOPMENT_TEAM = 647MFA6TDC;
				GENERATE_INFOPLIST_FILE = YES;
				MARKETING_VERSION = 1.0;
				PRODUCT_BUNDLE_IDENTIFIER = "Sevio-Correa.httpRequestUITests";
				PRODUCT_NAME = "$(TARGET_NAME)";
				SWIFT_EMIT_LOC_STRINGS = NO;
				SWIFT_VERSION = 5.0;
				TARGETED_DEVICE_FAMILY = "1,2";
				TEST_TARGET_NAME = httpRequest;
			};
			name = Debug;
		};
		2221006E28DF48AA00B87353 /* Release */ = {
			isa = XCBuildConfiguration;
			buildSettings = {
				ALWAYS_EMBED_SWIFT_STANDARD_LIBRARIES = YES;
				CODE_SIGN_STYLE = Automatic;
				CURRENT_PROJECT_VERSION = 1;
				DEVELOPMENT_TEAM = 647MFA6TDC;
				GENERATE_INFOPLIST_FILE = YES;
				MARKETING_VERSION = 1.0;
				PRODUCT_BUNDLE_IDENTIFIER = "Sevio-Correa.httpRequestUITests";
				PRODUCT_NAME = "$(TARGET_NAME)";
				SWIFT_EMIT_LOC_STRINGS = NO;
				SWIFT_VERSION = 5.0;
				TARGETED_DEVICE_FAMILY = "1,2";
				TEST_TARGET_NAME = httpRequest;
			};
			name = Release;
		};
/* End XCBuildConfiguration section */

/* Begin XCConfigurationList section */
		2221003728DF48A800B87353 /* Build configuration list for PBXProject "httpRequest" */ = {
			isa = XCConfigurationList;
			buildConfigurations = (
				2221006428DF48AA00B87353 /* Debug */,
				2221006528DF48AA00B87353 /* Release */,
			);
			defaultConfigurationIsVisible = 0;
			defaultConfigurationName = Release;
		};
		2221006628DF48AA00B87353 /* Build configuration list for PBXNativeTarget "httpRequest" */ = {
			isa = XCConfigurationList;
			buildConfigurations = (
				2221006728DF48AA00B87353 /* Debug */,
				2221006828DF48AA00B87353 /* Release */,
			);
			defaultConfigurationIsVisible = 0;
			defaultConfigurationName = Release;
		};
		2221006928DF48AA00B87353 /* Build configuration list for PBXNativeTarget "httpRequestTests" */ = {
			isa = XCConfigurationList;
			buildConfigurations = (
				2221006A28DF48AA00B87353 /* Debug */,
				2221006B28DF48AA00B87353 /* Release */,
			);
			defaultConfigurationIsVisible = 0;
			defaultConfigurationName = Release;
		};
		2221006C28DF48AA00B87353 /* Build configuration list for PBXNativeTarget "httpRequestUITests" */ = {
			isa = XCConfigurationList;
			buildConfigurations = (
				2221006D28DF48AA00B87353 /* Debug */,
				2221006E28DF48AA00B87353 /* Release */,
			);
			defaultConfigurationIsVisible = 0;
			defaultConfigurationName = Release;
		};
/* End XCConfigurationList section */
	};
	rootObject = 2221003428DF48A800B87353 /* Project object */;
}
